
Microsoft Visual Studio Solution File, Format Version 12.00
# Visual Studio 15
VisualStudioVersion = 15.0.26124.0
MinimumVisualStudioVersion = 15.0.26124.0
Project("{F2A71F9B-5D33-465A-A702-920D77279786}") = "Fabricator.Example", "Fabricator.Example\Fabricator.Example.fsproj", "{CF1CF356-7084-4A4E-88A2-F37F79D5F038}"
EndProject
Project("{F2A71F9B-5D33-465A-A702-920D77279786}") = "Fabricator.Console", "Fabricator.Console\Fabricator.Console.fsproj", "{8990DD0B-495C-4128-8793-9229F3F54531}"
EndProject
Project("{2150E333-8FDC-42A3-9474-1A3956D46DE8}") = "Solution Items", "Solution Items", "{8B3F2A5A-2E1C-47B5-A206-5432F4055031}"
ProjectSection(SolutionItems) = preProject
	.editorconfig = .editorconfig
	.gitignore = .gitignore
	README.md = README.md
	CONTRIBUTING.md = CONTRIBUTING.md
	MAINTAINING.md = MAINTAINING.md
	LICENSE.txt = LICENSE.txt
	Fabricator.sln.license = Fabricator.sln.license
	global.json = global.json
	global.json.license = global.json.license
	renovate.json = renovate.json
	renovate.json.license = renovate.json.license
EndProjectSection
EndProject
Project("{F2A71F9B-5D33-465A-A702-920D77279786}") = "Fabricator.Tests", "Fabricator.Tests\Fabricator.Tests.fsproj", "{4B40B277-8315-454E-8D16-641B0629A710}"
EndProject
Project("{2150E333-8FDC-42A3-9474-1A3956D46DE8}") = ".github", ".github", "{D2647A8A-C20B-40A0-A716-24BCCEB1F158}"
EndProject
Project("{2150E333-8FDC-42A3-9474-1A3956D46DE8}") = "workflows", "workflows", "{A94F5545-DDF1-4F27-AA2E-A738C8551E57}"
ProjectSection(SolutionItems) = preProject
	.github\workflows\main.yml = .github\workflows\main.yml
EndProjectSection
EndProject
Project("{F2A71F9B-5D33-465A-A702-920D77279786}") = "Fabricator.Resources", "Fabricator.Resources\Fabricator.Resources.fsproj", "{E85E3413-E3FF-4A9C-B16E-3A119774FD0A}"
EndProject
Project("{F2A71F9B-5D33-465A-A702-920D77279786}") = "Fabricator.Core", "Fabricator.Core\Fabricator.Core.fsproj", "{80263F7D-DD2D-4565-B084-3FB194862C53}"
EndProject
Project("{F2A71F9B-5D33-465A-A702-920D77279786}") = "Fabricator.IntegrationTests", "Fabricator.IntegrationTests\Fabricator.IntegrationTests.fsproj", "{DBFEB20B-C966-401A-A8B9-41787A57850E}"
EndProject
Project("{2150E333-8FDC-42A3-9474-1A3956D46DE8}") = "LICENSES", "LICENSES", "{3FD3BD1B-B32F-481C-A7E2-27DFE4C13647}"
	ProjectSection(SolutionItems) = preProject
		LICENSES\MIT.txt = LICENSES\MIT.txt
	EndProjectSection
EndProject
Project("{2150E333-8FDC-42A3-9474-1A3956D46DE8}") = "scripts", "scripts", "{CD7AD0A8-AAC9-4C9D-B1CC-74F5DCE91436}"
	ProjectSection(SolutionItems) = preProject
		scripts\github-actions.fsx = scripts\github-actions.fsx
	EndProjectSection
EndProject
Global
	GlobalSection(SolutionConfigurationPlatforms) = preSolution
		Debug|Any CPU = Debug|Any CPU
		Debug|x64 = Debug|x64
		Debug|x86 = Debug|x86
		Release|Any CPU = Release|Any CPU
		Release|x64 = Release|x64
		Release|x86 = Release|x86
	EndGlobalSection
	GlobalSection(SolutionProperties) = preSolution
		HideSolutionNode = FALSE
	EndGlobalSection
	GlobalSection(ProjectConfigurationPlatforms) = postSolution
		{CF1CF356-7084-4A4E-88A2-F37F79D5F038}.Debug|Any CPU.ActiveCfg = Debug|Any CPU
		{CF1CF356-7084-4A4E-88A2-F37F79D5F038}.Debug|Any CPU.Build.0 = Debug|Any CPU
		{CF1CF356-7084-4A4E-88A2-F37F79D5F038}.Debug|x64.ActiveCfg = Debug|Any CPU
		{CF1CF356-7084-4A4E-88A2-F37F79D5F038}.Debug|x64.Build.0 = Debug|Any CPU
		{CF1CF356-7084-4A4E-88A2-F37F79D5F038}.Debug|x86.ActiveCfg = Debug|Any CPU
		{CF1CF356-7084-4A4E-88A2-F37F79D5F038}.Debug|x86.Build.0 = Debug|Any CPU
		{CF1CF356-7084-4A4E-88A2-F37F79D5F038}.Release|Any CPU.ActiveCfg = Release|Any CPU
		{CF1CF356-7084-4A4E-88A2-F37F79D5F038}.Release|Any CPU.Build.0 = Release|Any CPU
		{CF1CF356-7084-4A4E-88A2-F37F79D5F038}.Release|x64.ActiveCfg = Release|Any CPU
		{CF1CF356-7084-4A4E-88A2-F37F79D5F038}.Release|x64.Build.0 = Release|Any CPU
		{CF1CF356-7084-4A4E-88A2-F37F79D5F038}.Release|x86.ActiveCfg = Release|Any CPU
		{CF1CF356-7084-4A4E-88A2-F37F79D5F038}.Release|x86.Build.0 = Release|Any CPU
		{8990DD0B-495C-4128-8793-9229F3F54531}.Debug|Any CPU.ActiveCfg = Debug|Any CPU
		{8990DD0B-495C-4128-8793-9229F3F54531}.Debug|Any CPU.Build.0 = Debug|Any CPU
		{8990DD0B-495C-4128-8793-9229F3F54531}.Debug|x64.ActiveCfg = Debug|Any CPU
		{8990DD0B-495C-4128-8793-9229F3F54531}.Debug|x64.Build.0 = Debug|Any CPU
		{8990DD0B-495C-4128-8793-9229F3F54531}.Debug|x86.ActiveCfg = Debug|Any CPU
		{8990DD0B-495C-4128-8793-9229F3F54531}.Debug|x86.Build.0 = Debug|Any CPU
		{8990DD0B-495C-4128-8793-9229F3F54531}.Release|Any CPU.ActiveCfg = Release|Any CPU
		{8990DD0B-495C-4128-8793-9229F3F54531}.Release|Any CPU.Build.0 = Release|Any CPU
		{8990DD0B-495C-4128-8793-9229F3F54531}.Release|x64.ActiveCfg = Release|Any CPU
		{8990DD0B-495C-4128-8793-9229F3F54531}.Release|x64.Build.0 = Release|Any CPU
		{8990DD0B-495C-4128-8793-9229F3F54531}.Release|x86.ActiveCfg = Release|Any CPU
		{8990DD0B-495C-4128-8793-9229F3F54531}.Release|x86.Build.0 = Release|Any CPU
		{4B40B277-8315-454E-8D16-641B0629A710}.Debug|Any CPU.ActiveCfg = Debug|Any CPU
		{4B40B277-8315-454E-8D16-641B0629A710}.Debug|Any CPU.Build.0 = Debug|Any CPU
		{4B40B277-8315-454E-8D16-641B0629A710}.Debug|x64.ActiveCfg = Debug|Any CPU
		{4B40B277-8315-454E-8D16-641B0629A710}.Debug|x64.Build.0 = Debug|Any CPU
		{4B40B277-8315-454E-8D16-641B0629A710}.Debug|x86.ActiveCfg = Debug|Any CPU
		{4B40B277-8315-454E-8D16-641B0629A710}.Debug|x86.Build.0 = Debug|Any CPU
		{4B40B277-8315-454E-8D16-641B0629A710}.Release|Any CPU.ActiveCfg = Release|Any CPU
		{4B40B277-8315-454E-8D16-641B0629A710}.Release|Any CPU.Build.0 = Release|Any CPU
		{4B40B277-8315-454E-8D16-641B0629A710}.Release|x64.ActiveCfg = Release|Any CPU
		{4B40B277-8315-454E-8D16-641B0629A710}.Release|x64.Build.0 = Release|Any CPU
		{4B40B277-8315-454E-8D16-641B0629A710}.Release|x86.ActiveCfg = Release|Any CPU
		{4B40B277-8315-454E-8D16-641B0629A710}.Release|x86.Build.0 = Release|Any CPU
		{E85E3413-E3FF-4A9C-B16E-3A119774FD0A}.Debug|Any CPU.ActiveCfg = Debug|Any CPU
		{E85E3413-E3FF-4A9C-B16E-3A119774FD0A}.Debug|Any CPU.Build.0 = Debug|Any CPU
		{E85E3413-E3FF-4A9C-B16E-3A119774FD0A}.Debug|x64.ActiveCfg = Debug|Any CPU
		{E85E3413-E3FF-4A9C-B16E-3A119774FD0A}.Debug|x64.Build.0 = Debug|Any CPU
		{E85E3413-E3FF-4A9C-B16E-3A119774FD0A}.Debug|x86.ActiveCfg = Debug|Any CPU
		{E85E3413-E3FF-4A9C-B16E-3A119774FD0A}.Debug|x86.Build.0 = Debug|Any CPU
		{E85E3413-E3FF-4A9C-B16E-3A119774FD0A}.Release|Any CPU.ActiveCfg = Release|Any CPU
		{E85E3413-E3FF-4A9C-B16E-3A119774FD0A}.Release|Any CPU.Build.0 = Release|Any CPU
		{E85E3413-E3FF-4A9C-B16E-3A119774FD0A}.Release|x64.ActiveCfg = Release|Any CPU
		{E85E3413-E3FF-4A9C-B16E-3A119774FD0A}.Release|x64.Build.0 = Release|Any CPU
		{E85E3413-E3FF-4A9C-B16E-3A119774FD0A}.Release|x86.ActiveCfg = Release|Any CPU
		{E85E3413-E3FF-4A9C-B16E-3A119774FD0A}.Release|x86.Build.0 = Release|Any CPU
		{80263F7D-DD2D-4565-B084-3FB194862C53}.Debug|Any CPU.ActiveCfg = Debug|Any CPU
		{80263F7D-DD2D-4565-B084-3FB194862C53}.Debug|Any CPU.Build.0 = Debug|Any CPU
		{80263F7D-DD2D-4565-B084-3FB194862C53}.Debug|x64.ActiveCfg = Debug|Any CPU
		{80263F7D-DD2D-4565-B084-3FB194862C53}.Debug|x64.Build.0 = Debug|Any CPU
		{80263F7D-DD2D-4565-B084-3FB194862C53}.Debug|x86.ActiveCfg = Debug|Any CPU
		{80263F7D-DD2D-4565-B084-3FB194862C53}.Debug|x86.Build.0 = Debug|Any CPU
		{80263F7D-DD2D-4565-B084-3FB194862C53}.Release|Any CPU.ActiveCfg = Release|Any CPU
		{80263F7D-DD2D-4565-B084-3FB194862C53}.Release|Any CPU.Build.0 = Release|Any CPU
		{80263F7D-DD2D-4565-B084-3FB194862C53}.Release|x64.ActiveCfg = Release|Any CPU
		{80263F7D-DD2D-4565-B084-3FB194862C53}.Release|x64.Build.0 = Release|Any CPU
		{80263F7D-DD2D-4565-B084-3FB194862C53}.Release|x86.ActiveCfg = Release|Any CPU
		{80263F7D-DD2D-4565-B084-3FB194862C53}.Release|x86.Build.0 = Release|Any CPU
		{DBFEB20B-C966-401A-A8B9-41787A57850E}.Debug|Any CPU.ActiveCfg = Debug|Any CPU
		{DBFEB20B-C966-401A-A8B9-41787A57850E}.Debug|Any CPU.Build.0 = Debug|Any CPU
		{DBFEB20B-C966-401A-A8B9-41787A57850E}.Debug|x64.ActiveCfg = Debug|Any CPU
		{DBFEB20B-C966-401A-A8B9-41787A57850E}.Debug|x64.Build.0 = Debug|Any CPU
		{DBFEB20B-C966-401A-A8B9-41787A57850E}.Debug|x86.ActiveCfg = Debug|Any CPU
		{DBFEB20B-C966-401A-A8B9-41787A57850E}.Debug|x86.Build.0 = Debug|Any CPU
		{DBFEB20B-C966-401A-A8B9-41787A57850E}.Release|Any CPU.ActiveCfg = Release|Any CPU
		{DBFEB20B-C966-401A-A8B9-41787A57850E}.Release|Any CPU.Build.0 = Release|Any CPU
		{DBFEB20B-C966-401A-A8B9-41787A57850E}.Release|x64.ActiveCfg = Release|Any CPU
		{DBFEB20B-C966-401A-A8B9-41787A57850E}.Release|x64.Build.0 = Release|Any CPU
		{DBFEB20B-C966-401A-A8B9-41787A57850E}.Release|x86.ActiveCfg = Release|Any CPU
		{DBFEB20B-C966-401A-A8B9-41787A57850E}.Release|x86.Build.0 = Release|Any CPU
	EndGlobalSection
	GlobalSection(NestedProjects) = preSolution
		{A94F5545-DDF1-4F27-AA2E-A738C8551E57} = {D2647A8A-C20B-40A0-A716-24BCCEB1F158}
	EndGlobalSection
EndGlobal
